
Microsoft Visual Studio Solution File, Format Version 12.00
# Visual Studio Version 16
VisualStudioVersion = 25.0.1706.9
MinimumVisualStudioVersion = 10.0.40219.1
Project("{FAE04EC0-301F-11D3-BF4B-00C04F79EFBC}") = "tpmodul8_1302223007", "tpmodul8_1302223007\tpmodul8_1302223007.csproj", "{37CD6259-4EAF-4C02-80EB-2557115C798F}"
EndProject
Global
	GlobalSection(SolutionConfigurationPlatforms) = preSolution
		Debug|Any CPU = Debug|Any CPU
		Release|Any CPU = Release|Any CPU
	EndGlobalSection
	GlobalSection(ProjectConfigurationPlatforms) = postSolution
		{37CD6259-4EAF-4C02-80EB-2557115C798F}.Debug|Any CPU.ActiveCfg = Debug|Any CPU
		{37CD6259-4EAF-4C02-80EB-2557115C798F}.Debug|Any CPU.Build.0 = Debug|Any CPU
		{37CD6259-4EAF-4C02-80EB-2557115C798F}.Release|Any CPU.ActiveCfg = Release|Any CPU
		{37CD6259-4EAF-4C02-80EB-2557115C798F}.Release|Any CPU.Build.0 = Release|Any CPU
	EndGlobalSection
	GlobalSection(SolutionProperties) = preSolution
		HideSolutionNode = FALSE
	EndGlobalSection
	GlobalSection(ExtensibilityGlobals) = postSolution
		SolutionGuid = {679439C9-C4F8-453E-AD91-555D2315617E}
	EndGlobalSection
EndGlobal
